// !$*UTF8*$!
{
	archiveVersion = 1;
	classes = {
	};
	objectVersion = 51;
	objects = {

/* Begin PBXBuildFile section */
		828DC687ADEF1BDDC4E0EA74 /* Pods_SampleApplication.framework in Frameworks */ = {isa = PBXBuildFile; fileRef = BADF7AA46C7C1492CBC9751F /* Pods_SampleApplication.framework */; };
		9B24B27C2517CA740091217B /* AppDelegate.swift in Sources */ = {isa = PBXBuildFile; fileRef = 9B24B27B2517CA740091217B /* AppDelegate.swift */; };
		9B24B27E2517CA740091217B /* SceneDelegate.swift in Sources */ = {isa = PBXBuildFile; fileRef = 9B24B27D2517CA740091217B /* SceneDelegate.swift */; };
		9B24B2802517CA740091217B /* ViewController.swift in Sources */ = {isa = PBXBuildFile; fileRef = 9B24B27F2517CA740091217B /* ViewController.swift */; };
		9B24B2832517CA740091217B /* Main.storyboard in Resources */ = {isa = PBXBuildFile; fileRef = 9B24B2812517CA740091217B /* Main.storyboard */; };
		9B24B2852517CA750091217B /* Assets.xcassets in Resources */ = {isa = PBXBuildFile; fileRef = 9B24B2842517CA750091217B /* Assets.xcassets */; };
		9B24B2882517CA750091217B /* LaunchScreen.storyboard in Resources */ = {isa = PBXBuildFile; fileRef = 9B24B2862517CA750091217B /* LaunchScreen.storyboard */; };
/* End PBXBuildFile section */

/* Begin PBXFileReference section */
		87C9A0F21824DEA2F56EA3EC /* Pods-SampleApplication.release.xcconfig */ = {isa = PBXFileReference; includeInIndex = 1; lastKnownFileType = text.xcconfig; name = "Pods-SampleApplication.release.xcconfig"; path = "Target Support Files/Pods-SampleApplication/Pods-SampleApplication.release.xcconfig"; sourceTree = "<group>"; };
		9B24B2782517CA740091217B /* SampleApplication.app */ = {isa = PBXFileReference; explicitFileType = wrapper.application; includeInIndex = 0; path = SampleApplication.app; sourceTree = BUILT_PRODUCTS_DIR; };
		9B24B27B2517CA740091217B /* AppDelegate.swift */ = {isa = PBXFileReference; lastKnownFileType = sourcecode.swift; path = AppDelegate.swift; sourceTree = "<group>"; };
		9B24B27D2517CA740091217B /* SceneDelegate.swift */ = {isa = PBXFileReference; lastKnownFileType = sourcecode.swift; path = SceneDelegate.swift; sourceTree = "<group>"; };
		9B24B27F2517CA740091217B /* ViewController.swift */ = {isa = PBXFileReference; lastKnownFileType = sourcecode.swift; path = ViewController.swift; sourceTree = "<group>"; };
		9B24B2822517CA740091217B /* Base */ = {isa = PBXFileReference; lastKnownFileType = file.storyboard; name = Base; path = Base.lproj/Main.storyboard; sourceTree = "<group>"; };
		9B24B2842517CA750091217B /* Assets.xcassets */ = {isa = PBXFileReference; lastKnownFileType = folder.assetcatalog; path = Assets.xcassets; sourceTree = "<group>"; };
		9B24B2872517CA750091217B /* Base */ = {isa = PBXFileReference; lastKnownFileType = file.storyboard; name = Base; path = Base.lproj/LaunchScreen.storyboard; sourceTree = "<group>"; };
		9B24B2892517CA750091217B /* Info.plist */ = {isa = PBXFileReference; lastKnownFileType = text.plist.xml; path = Info.plist; sourceTree = "<group>"; };
		9D9DDBC6A2FEF267DE23B20C /* Pods-SampleApplication.debug.xcconfig */ = {isa = PBXFileReference; includeInIndex = 1; lastKnownFileType = text.xcconfig; name = "Pods-SampleApplication.debug.xcconfig"; path = "Target Support Files/Pods-SampleApplication/Pods-SampleApplication.debug.xcconfig"; sourceTree = "<group>"; };
		BADF7AA46C7C1492CBC9751F /* Pods_SampleApplication.framework */ = {isa = PBXFileReference; explicitFileType = wrapper.framework; includeInIndex = 0; path = Pods_SampleApplication.framework; sourceTree = BUILT_PRODUCTS_DIR; };
/* End PBXFileReference section */

/* Begin PBXFrameworksBuildPhase section */
		9B24B2752517CA740091217B /* Frameworks */ = {
			isa = PBXFrameworksBuildPhase;
			buildActionMask = 2147483647;
			files = (
				828DC687ADEF1BDDC4E0EA74 /* Pods_SampleApplication.framework in Frameworks */,
			);
			runOnlyForDeploymentPostprocessing = 0;
		};
/* End PBXFrameworksBuildPhase section */

/* Begin PBXGroup section */
		276953FA7FE04D409DC2D7AB /* Frameworks */ = {
			isa = PBXGroup;
			children = (
				BADF7AA46C7C1492CBC9751F /* Pods_SampleApplication.framework */,
			);
			name = Frameworks;
			sourceTree = "<group>";
		};
		76941F1A1E098202BE7356AB /* Pods */ = {
			isa = PBXGroup;
			children = (
				9D9DDBC6A2FEF267DE23B20C /* Pods-SampleApplication.debug.xcconfig */,
				87C9A0F21824DEA2F56EA3EC /* Pods-SampleApplication.release.xcconfig */,
			);
			path = Pods;
			sourceTree = "<group>";
		};
		9B24B26F2517CA740091217B = {
			isa = PBXGroup;
			children = (
				9B24B27A2517CA740091217B /* SampleApplication */,
				9B24B2792517CA740091217B /* Products */,
				76941F1A1E098202BE7356AB /* Pods */,
				276953FA7FE04D409DC2D7AB /* Frameworks */,
			);
			sourceTree = "<group>";
		};
		9B24B2792517CA740091217B /* Products */ = {
			isa = PBXGroup;
			children = (
				9B24B2782517CA740091217B /* SampleApplication.app */,
			);
			name = Products;
			sourceTree = "<group>";
		};
		9B24B27A2517CA740091217B /* SampleApplication */ = {
			isa = PBXGroup;
			children = (
				9B24B2902517CA830091217B /* Supporting Files */,
				9B24B2912517CA900091217B /* Controller */,
				9B24B2932517CAB60091217B /* View */,
				9B24B2922517CAA30091217B /* Resources */,
				9B24B2892517CA750091217B /* Info.plist */,
			);
			path = SampleApplication;
			sourceTree = "<group>";
		};
		9B24B2902517CA830091217B /* Supporting Files */ = {
			isa = PBXGroup;
			children = (
				9B24B27B2517CA740091217B /* AppDelegate.swift */,
				9B24B27D2517CA740091217B /* SceneDelegate.swift */,
			);
			path = "Supporting Files";
			sourceTree = "<group>";
		};
		9B24B2912517CA900091217B /* Controller */ = {
			isa = PBXGroup;
			children = (
				9B24B27F2517CA740091217B /* ViewController.swift */,
			);
			path = Controller;
			sourceTree = "<group>";
		};
		9B24B2922517CAA30091217B /* Resources */ = {
			isa = PBXGroup;
			children = (
				9B24B2842517CA750091217B /* Assets.xcassets */,
				9B24B2862517CA750091217B /* LaunchScreen.storyboard */,
			);
			path = Resources;
			sourceTree = "<group>";
		};
		9B24B2932517CAB60091217B /* View */ = {
			isa = PBXGroup;
			children = (
				9B24B2812517CA740091217B /* Main.storyboard */,
			);
			path = View;
			sourceTree = "<group>";
		};
/* End PBXGroup section */

/* Begin PBXNativeTarget section */
		9B24B2772517CA740091217B /* SampleApplication */ = {
			isa = PBXNativeTarget;
			buildConfigurationList = 9B24B28C2517CA750091217B /* Build configuration list for PBXNativeTarget "SampleApplication" */;
			buildPhases = (
				1B1AE9E9A696EC3C24680B8B /* [CP] Check Pods Manifest.lock */,
				9B24B2742517CA740091217B /* Sources */,
				9B24B2752517CA740091217B /* Frameworks */,
				9B24B2762517CA740091217B /* Resources */,
				B13EB34B712B69593A7CD7C5 /* [CP] Embed Pods Frameworks */,
			);
			buildRules = (
			);
			dependencies = (
			);
			name = SampleApplication;
			productName = SampleApplication;
			productReference = 9B24B2782517CA740091217B /* SampleApplication.app */;
			productType = "com.apple.product-type.application";
		};
/* End PBXNativeTarget section */

/* Begin PBXProject section */
		9B24B2702517CA740091217B /* Project object */ = {
			isa = PBXProject;
			attributes = {
				LastSwiftUpdateCheck = 1200;
				LastUpgradeCheck = 1200;
				TargetAttributes = {
					9B24B2772517CA740091217B = {
						CreatedOnToolsVersion = 12.0;
					};
				};
			};
			buildConfigurationList = 9B24B2732517CA740091217B /* Build configuration list for PBXProject "SampleApplication" */;
			compatibilityVersion = "Xcode 9.3";
			developmentRegion = en;
			hasScannedForEncodings = 0;
			knownRegions = (
				en,
				Base,
			);
			mainGroup = 9B24B26F2517CA740091217B;
			productRefGroup = 9B24B2792517CA740091217B /* Products */;
			projectDirPath = "";
			projectRoot = "";
			targets = (
				9B24B2772517CA740091217B /* SampleApplication */,
			);
		};
/* End PBXProject section */

/* Begin PBXResourcesBuildPhase section */
		9B24B2762517CA740091217B /* Resources */ = {
			isa = PBXResourcesBuildPhase;
			buildActionMask = 2147483647;
			files = (
				9B24B2882517CA750091217B /* LaunchScreen.storyboard in Resources */,
				9B24B2852517CA750091217B /* Assets.xcassets in Resources */,
				9B24B2832517CA740091217B /* Main.storyboard in Resources */,
			);
			runOnlyForDeploymentPostprocessing = 0;
		};
/* End PBXResourcesBuildPhase section */

/* Begin PBXShellScriptBuildPhase section */
		1B1AE9E9A696EC3C24680B8B /* [CP] Check Pods Manifest.lock */ = {
			isa = PBXShellScriptBuildPhase;
			buildActionMask = 2147483647;
			files = (
			);
			inputFileListPaths = (
			);
			inputPaths = (
				"${PODS_PODFILE_DIR_PATH}/Podfile.lock",
				"${PODS_ROOT}/Manifest.lock",
			);
			name = "[CP] Check Pods Manifest.lock";
			outputFileListPaths = (
			);
			outputPaths = (
				"$(DERIVED_FILE_DIR)/Pods-SampleApplication-checkManifestLockResult.txt",
			);
			runOnlyForDeploymentPostprocessing = 0;
			shellPath = /bin/sh;
			shellScript = "diff \"${PODS_PODFILE_DIR_PATH}/Podfile.lock\" \"${PODS_ROOT}/Manifest.lock\" > /dev/null\nif [ $? != 0 ] ; then\n    # print error to STDERR\n    echo \"error: The sandbox is not in sync with the Podfile.lock. Run 'pod install' or update your CocoaPods installation.\" >&2\n    exit 1\nfi\n# This output is used by Xcode 'outputs' to avoid re-running this script phase.\necho \"SUCCESS\" > \"${SCRIPT_OUTPUT_FILE_0}\"\n";
			showEnvVarsInLog = 0;
		};
		B13EB34B712B69593A7CD7C5 /* [CP] Embed Pods Frameworks */ = {
			isa = PBXShellScriptBuildPhase;
			buildActionMask = 2147483647;
			files = (
			);
			inputFileListPaths = (
				"${PODS_ROOT}/Target Support Files/Pods-SampleApplication/Pods-SampleApplication-frameworks-${CONFIGURATION}-input-files.xcfilelist",
			);
			name = "[CP] Embed Pods Frameworks";
			outputFileListPaths = (
				"${PODS_ROOT}/Target Support Files/Pods-SampleApplication/Pods-SampleApplication-frameworks-${CONFIGURATION}-output-files.xcfilelist",
			);
			runOnlyForDeploymentPostprocessing = 0;
			shellPath = /bin/sh;
			shellScript = "\"${PODS_ROOT}/Target Support Files/Pods-SampleApplication/Pods-SampleApplication-frameworks.sh\"\n";
			showEnvVarsInLog = 0;
		};
/* End PBXShellScriptBuildPhase section */

/* Begin PBXSourcesBuildPhase section */
		9B24B2742517CA740091217B /* Sources */ = {
			isa = PBXSourcesBuildPhase;
			buildActionMask = 2147483647;
			files = (
				9B24B2802517CA740091217B /* ViewController.swift in Sources */,
				9B24B27C2517CA740091217B /* AppDelegate.swift in Sources */,
				9B24B27E2517CA740091217B /* SceneDelegate.swift in Sources */,
			);
			runOnlyForDeploymentPostprocessing = 0;
		};
/* End PBXSourcesBuildPhase section */

/* Begin PBXVariantGroup section */
		9B24B2812517CA740091217B /* Main.storyboard */ = {
			isa = PBXVariantGroup;
			children = (
				9B24B2822517CA740091217B /* Base */,
			);
			name = Main.storyboard;
			sourceTree = "<group>";
		};
		9B24B2862517CA750091217B /* LaunchScreen.storyboard */ = {
			isa = PBXVariantGroup;
			children = (
				9B24B2872517CA750091217B /* Base */,
			);
			name = LaunchScreen.storyboard;
			sourceTree = "<group>";
		};
/* End PBXVariantGroup section */

/* Begin XCBuildConfiguration section */
		9B24B28A2517CA750091217B /* Debug */ = {
			isa = XCBuildConfiguration;
			buildSettings = {
				ALWAYS_SEARCH_USER_PATHS = NO;
				CLANG_ANALYZER_NONNULL = YES;
				CLANG_ANALYZER_NUMBER_OBJECT_CONVERSION = YES_AGGRESSIVE;
				CLANG_CXX_LANGUAGE_STANDARD = "gnu++14";
				CLANG_CXX_LIBRARY = "libc++";
				CLANG_ENABLE_MODULES = YES;
				CLANG_ENABLE_OBJC_ARC = YES;
				CLANG_ENABLE_OBJC_WEAK = YES;
				CLANG_WARN_BLOCK_CAPTURE_AUTORELEASING = YES;
				CLANG_WARN_BOOL_CONVERSION = YES;
				CLANG_WARN_COMMA = YES;
				CLANG_WARN_CONSTANT_CONVERSION = YES;
				CLANG_WARN_DEPRECATED_OBJC_IMPLEMENTATIONS = YES;
				CLANG_WARN_DIRECT_OBJC_ISA_USAGE = YES_ERROR;
				CLANG_WARN_DOCUMENTATION_COMMENTS = YES;
				CLANG_WARN_EMPTY_BODY = YES;
				CLANG_WARN_ENUM_CONVERSION = YES;
				CLANG_WARN_INFINITE_RECURSION = YES;
				CLANG_WARN_INT_CONVERSION = YES;
				CLANG_WARN_NON_LITERAL_NULL_CONVERSION = YES;
				CLANG_WARN_OBJC_IMPLICIT_RETAIN_SELF = YES;
				CLANG_WARN_OBJC_LITERAL_CONVERSION = YES;
				CLANG_WARN_OBJC_ROOT_CLASS = YES_ERROR;
				CLANG_WARN_QUOTED_INCLUDE_IN_FRAMEWORK_HEADER = YES;
				CLANG_WARN_RANGE_LOOP_ANALYSIS = YES;
				CLANG_WARN_STRICT_PROTOTYPES = YES;
				CLANG_WARN_SUSPICIOUS_MOVE = YES;
				CLANG_WARN_UNGUARDED_AVAILABILITY = YES_AGGRESSIVE;
				CLANG_WARN_UNREACHABLE_CODE = YES;
				CLANG_WARN__DUPLICATE_METHOD_MATCH = YES;
				COPY_PHASE_STRIP = NO;
				DEBUG_INFORMATION_FORMAT = dwarf;
				ENABLE_STRICT_OBJC_MSGSEND = YES;
				ENABLE_TESTABILITY = YES;
				GCC_C_LANGUAGE_STANDARD = gnu11;
				GCC_DYNAMIC_NO_PIC = NO;
				GCC_NO_COMMON_BLOCKS = YES;
				GCC_OPTIMIZATION_LEVEL = 0;
				GCC_PREPROCESSOR_DEFINITIONS = (
					"DEBUG=1",
					"$(inherited)",
				);
				GCC_WARN_64_TO_32_BIT_CONVERSION = YES;
				GCC_WARN_ABOUT_RETURN_TYPE = YES_ERROR;
				GCC_WARN_UNDECLARED_SELECTOR = YES;
				GCC_WARN_UNINITIALIZED_AUTOS = YES_AGGRESSIVE;
				GCC_WARN_UNUSED_FUNCTION = YES;
				GCC_WARN_UNUSED_VARIABLE = YES;
				IPHONEOS_DEPLOYMENT_TARGET = 14.0;
				MTL_ENABLE_DEBUG_INFO = INCLUDE_SOURCE;
				MTL_FAST_MATH = YES;
				ONLY_ACTIVE_ARCH = YES;
				SDKROOT = iphoneos;
				SWIFT_ACTIVE_COMPILATION_CONDITIONS = DEBUG;
				SWIFT_OPTIMIZATION_LEVEL = "-Onone";
			};
			name = Debug;
		};
		9B24B28B2517CA750091217B /* Release */ = {
			isa = XCBuildConfiguration;
			buildSettings = {
				ALWAYS_SEARCH_USER_PATHS = NO;
				CLANG_ANALYZER_NONNULL = YES;
				CLANG_ANALYZER_NUMBER_OBJECT_CONVERSION = YES_AGGRESSIVE;
				CLANG_CXX_LANGUAGE_STANDARD = "gnu++14";
				CLANG_CXX_LIBRARY = "libc++";
				CLANG_ENABLE_MODULES = YES;
				CLANG_ENABLE_OBJC_ARC = YES;
				CLANG_ENABLE_OBJC_WEAK = YES;
				CLANG_WARN_BLOCK_CAPTURE_AUTORELEASING = YES;
				CLANG_WARN_BOOL_CONVERSION = YES;
				CLANG_WARN_COMMA = YES;
				CLANG_WARN_CONSTANT_CONVERSION = YES;
				CLANG_WARN_DEPRECATED_OBJC_IMPLEMENTATIONS = YES;
				CLANG_WARN_DIRECT_OBJC_ISA_USAGE = YES_ERROR;
				CLANG_WARN_DOCUMENTATION_COMMENTS = YES;
				CLANG_WARN_EMPTY_BODY = YES;
				CLANG_WARN_ENUM_CONVERSION = YES;
				CLANG_WARN_INFINITE_RECURSION = YES;
				CLANG_WARN_INT_CONVERSION = YES;
				CLANG_WARN_NON_LITERAL_NULL_CONVERSION = YES;
				CLANG_WARN_OBJC_IMPLICIT_RETAIN_SELF = YES;
				CLANG_WARN_OBJC_LITERAL_CONVERSION = YES;
				CLANG_WARN_OBJC_ROOT_CLASS = YES_ERROR;
				CLANG_WARN_QUOTED_INCLUDE_IN_FRAMEWORK_HEADER = YES;
				CLANG_WARN_RANGE_LOOP_ANALYSIS = YES;
				CLANG_WARN_STRICT_PROTOTYPES = YES;
				CLANG_WARN_SUSPICIOUS_MOVE = YES;
				CLANG_WARN_UNGUARDED_AVAILABILITY = YES_AGGRESSIVE;
				CLANG_WARN_UNREACHABLE_CODE = YES;
				CLANG_WARN__DUPLICATE_METHOD_MATCH = YES;
				COPY_PHASE_STRIP = NO;
				DEBUG_INFORMATION_FORMAT = "dwarf-with-dsym";
				ENABLE_NS_ASSERTIONS = NO;
				ENABLE_STRICT_OBJC_MSGSEND = YES;
				GCC_C_LANGUAGE_STANDARD = gnu11;
				GCC_NO_COMMON_BLOCKS = YES;
				GCC_WARN_64_TO_32_BIT_CONVERSION = YES;
				GCC_WARN_ABOUT_RETURN_TYPE = YES_ERROR;
				GCC_WARN_UNDECLARED_SELECTOR = YES;
				GCC_WARN_UNINITIALIZED_AUTOS = YES_AGGRESSIVE;
				GCC_WARN_UNUSED_FUNCTION = YES;
				GCC_WARN_UNUSED_VARIABLE = YES;
				IPHONEOS_DEPLOYMENT_TARGET = 14.0;
				MTL_ENABLE_DEBUG_INFO = NO;
				MTL_FAST_MATH = YES;
				SDKROOT = iphoneos;
				SWIFT_COMPILATION_MODE = wholemodule;
				SWIFT_OPTIMIZATION_LEVEL = "-O";
				VALIDATE_PRODUCT = YES;
			};
			name = Release;
		};
		9B24B28D2517CA750091217B /* Debug */ = {
			isa = XCBuildConfiguration;
			baseConfigurationReference = 9D9DDBC6A2FEF267DE23B20C /* Pods-SampleApplication.debug.xcconfig */;
			buildSettings = {
				ASSETCATALOG_COMPILER_APPICON_NAME = AppIcon;
				ASSETCATALOG_COMPILER_GLOBAL_ACCENT_COLOR_NAME = AccentColor;
				CODE_SIGN_STYLE = Automatic;
				DEVELOPMENT_TEAM = NUV73DSTTT;
				INFOPLIST_FILE = SampleApplication/Info.plist;
				LD_RUNPATH_SEARCH_PATHS = (
					"$(inherited)",
					"@executable_path/Frameworks",
				);
				PRODUCT_BUNDLE_IDENTIFIER = com.rolewithvirtualization.SampleApplication;
				PRODUCT_NAME = "$(TARGET_NAME)";
				SWIFT_VERSION = 5.0;
				TARGETED_DEVICE_FAMILY = "1,2";
			};
			name = Debug;
		};
		9B24B28E2517CA750091217B /* Release */ = {
			isa = XCBuildConfiguration;
			baseConfigurationReference = 87C9A0F21824DEA2F56EA3EC /* Pods-SampleApplication.release.xcconfig */;
			buildSettings = {
				ASSETCATALOG_COMPILER_APPICON_NAME = AppIcon;
				ASSETCATALOG_COMPILER_GLOBAL_ACCENT_COLOR_NAME = AccentColor;
				CODE_SIGN_STYLE = Automatic;
				DEVELOPMENT_TEAM = NUV73DSTTT;
				INFOPLIST_FILE = SampleApplication/Info.plist;
				LD_RUNPATH_SEARCH_PATHS = (
					"$(inherited)",
					"@executable_path/Frameworks",
				);
				PRODUCT_BUNDLE_IDENTIFIER = com.rolewithvirtualization.SampleApplication;
				PRODUCT_NAME = "$(TARGET_NAME)";
				SWIFT_VERSION = 5.0;
				TARGETED_DEVICE_FAMILY = "1,2";
			};
			name = Release;
		};
/* End XCBuildConfiguration section */

/* Begin XCConfigurationList section */
		9B24B2732517CA740091217B /* Build configuration list for PBXProject "SampleApplication" */ = {
			isa = XCConfigurationList;
			buildConfigurations = (
				9B24B28A2517CA750091217B /* Debug */,
				9B24B28B2517CA750091217B /* Release */,
			);
			defaultConfigurationIsVisible = 0;
			defaultConfigurationName = Release;
		};
		9B24B28C2517CA750091217B /* Build configuration list for PBXNativeTarget "SampleApplication" */ = {
			isa = XCConfigurationList;
			buildConfigurations = (
				9B24B28D2517CA750091217B /* Debug */,
				9B24B28E2517CA750091217B /* Release */,
			);
			defaultConfigurationIsVisible = 0;
			defaultConfigurationName = Release;
		};
/* End XCConfigurationList section */
	};
	rootObject = 9B24B2702517CA740091217B /* Project object */;
}
